
Microsoft Visual Studio Solution File, Format Version 12.00
# Visual Studio Version 17
VisualStudioVersion = 17.7.34031.279
MinimumVisualStudioVersion = 10.0.40219.1
Project("{FAE04EC0-301F-11D3-BF4B-00C04F79EFBC}") = "upgift 3.3", "upgift 3.3\upgift 3.3.csproj", "{017E1DF6-EFB4-4445-971D-D4039B0E4DA9}"
EndProject
Global
	GlobalSection(SolutionConfigurationPlatforms) = preSolution
		Debug|Any CPU = Debug|Any CPU
		Release|Any CPU = Release|Any CPU
	EndGlobalSection
	GlobalSection(ProjectConfigurationPlatforms) = postSolution
		{017E1DF6-EFB4-4445-971D-D4039B0E4DA9}.Debug|Any CPU.ActiveCfg = Debug|Any CPU
		{017E1DF6-EFB4-4445-971D-D4039B0E4DA9}.Debug|Any CPU.Build.0 = Debug|Any CPU
		{017E1DF6-EFB4-4445-971D-D4039B0E4DA9}.Release|Any CPU.ActiveCfg = Release|Any CPU
		{017E1DF6-EFB4-4445-971D-D4039B0E4DA9}.Release|Any CPU.Build.0 = Release|Any CPU
	EndGlobalSection
	GlobalSection(SolutionProperties) = preSolution
		HideSolutionNode = FALSE
	EndGlobalSection
	GlobalSection(ExtensibilityGlobals) = postSolution
		SolutionGuid = {A0A2A255-916E-4843-A674-30FB5EAC8501}
	EndGlobalSection
EndGlobal
